{
  "name": "app",
  "version": "1.0.0",
  "lockfileVersion": 3,
  "requires": true,
  "packages": {
    "": {
      "name": "app",
      "version": "1.0.0",
      "license": "ISC",
      "dependencies": {
        "@brtmvdl/frontend": "^1.0.3"
      }
    },
    "node_modules/@brtmvdl/frontend": {
      "version": "1.0.3",
      "resolved": "https://registry.npmjs.org/@brtmvdl/frontend/-/frontend-1.0.3.tgz",
      "integrity": "sha512-rVA5u7GDTEtEEHw2/saIfaMTH8VZj4tUdhTv6UwNhN4SrMsxNZF8tV5kYIiy1xn5ZdUNAVFxNkMq0r6lhAYVqA==",
      "bin": {
        "frontend": "bin/index.js"
      }
    }
  }
}
